
Microsoft Visual Studio Solution File, Format Version 12.00
# Visual Studio Version 17
VisualStudioVersion = 17.1.32328.378
MinimumVisualStudioVersion = 10.0.40219.1
Project("{FAE04EC0-301F-11D3-BF4B-00C04F79EFBC}") = "Link Animal", "Link Animation\Link Animal.csproj", "{270DCE16-77EE-4F65-B08A-907AF8EBBA04}"
EndProject
Project("{2150E333-8FDC-42A3-9474-1A3956D46DE8}") = "Game", "Game", "{0FAC5442-C809-4B5F-BCBB-FF31FB4372D0}"
EndProject
Project("{2150E333-8FDC-42A3-9474-1A3956D46DE8}") = "Tool", "Tool", "{21DDB7AA-5347-4DE1-9367-AAED142282F3}"
EndProject
Project("{FAE04EC0-301F-11D3-BF4B-00C04F79EFBC}") = "Communicate", "Communicate\Communicate.csproj", "{6A0733DF-B8D1-4CB8-B92E-F823C5330D20}"
EndProject
Project("{FAE04EC0-301F-11D3-BF4B-00C04F79EFBC}") = "GameCenter", "GameCenter\GameCenter.csproj", "{CF4116F6-CEF0-46B6-8E23-784AB88D3A70}"
EndProject
Project("{FAE04EC0-301F-11D3-BF4B-00C04F79EFBC}") = "NQTGame", "NQTGame\NQTGame.csproj", "{AFF20807-8439-4227-A46C-27DBA0BAF793}"
EndProject
Global
	GlobalSection(SolutionConfigurationPlatforms) = preSolution
		Debug|Any CPU = Debug|Any CPU
		Release|Any CPU = Release|Any CPU
	EndGlobalSection
	GlobalSection(ProjectConfigurationPlatforms) = postSolution
		{270DCE16-77EE-4F65-B08A-907AF8EBBA04}.Debug|Any CPU.ActiveCfg = Debug|Any CPU
		{270DCE16-77EE-4F65-B08A-907AF8EBBA04}.Debug|Any CPU.Build.0 = Debug|Any CPU
		{270DCE16-77EE-4F65-B08A-907AF8EBBA04}.Release|Any CPU.ActiveCfg = Release|Any CPU
		{270DCE16-77EE-4F65-B08A-907AF8EBBA04}.Release|Any CPU.Build.0 = Release|Any CPU
		{6A0733DF-B8D1-4CB8-B92E-F823C5330D20}.Debug|Any CPU.ActiveCfg = Debug|Any CPU
		{6A0733DF-B8D1-4CB8-B92E-F823C5330D20}.Debug|Any CPU.Build.0 = Debug|Any CPU
		{6A0733DF-B8D1-4CB8-B92E-F823C5330D20}.Release|Any CPU.ActiveCfg = Release|Any CPU
		{6A0733DF-B8D1-4CB8-B92E-F823C5330D20}.Release|Any CPU.Build.0 = Release|Any CPU
		{CF4116F6-CEF0-46B6-8E23-784AB88D3A70}.Debug|Any CPU.ActiveCfg = Debug|Any CPU
		{CF4116F6-CEF0-46B6-8E23-784AB88D3A70}.Debug|Any CPU.Build.0 = Debug|Any CPU
		{CF4116F6-CEF0-46B6-8E23-784AB88D3A70}.Release|Any CPU.ActiveCfg = Release|Any CPU
		{CF4116F6-CEF0-46B6-8E23-784AB88D3A70}.Release|Any CPU.Build.0 = Release|Any CPU
		{AFF20807-8439-4227-A46C-27DBA0BAF793}.Debug|Any CPU.ActiveCfg = Debug|Any CPU
		{AFF20807-8439-4227-A46C-27DBA0BAF793}.Debug|Any CPU.Build.0 = Debug|Any CPU
		{AFF20807-8439-4227-A46C-27DBA0BAF793}.Release|Any CPU.ActiveCfg = Release|Any CPU
		{AFF20807-8439-4227-A46C-27DBA0BAF793}.Release|Any CPU.Build.0 = Release|Any CPU
	EndGlobalSection
	GlobalSection(SolutionProperties) = preSolution
		HideSolutionNode = FALSE
	EndGlobalSection
	GlobalSection(NestedProjects) = preSolution
		{270DCE16-77EE-4F65-B08A-907AF8EBBA04} = {0FAC5442-C809-4B5F-BCBB-FF31FB4372D0}
		{6A0733DF-B8D1-4CB8-B92E-F823C5330D20} = {21DDB7AA-5347-4DE1-9367-AAED142282F3}
		{CF4116F6-CEF0-46B6-8E23-784AB88D3A70} = {21DDB7AA-5347-4DE1-9367-AAED142282F3}
	EndGlobalSection
	GlobalSection(ExtensibilityGlobals) = postSolution
		SolutionGuid = {14367BB6-8BC6-42A7-91C5-6F609064BEEF}
	EndGlobalSection
EndGlobal
